
Microsoft Visual Studio Solution File, Format Version 12.00
# Visual Studio Version 17
VisualStudioVersion = 17.0.31903.59
MinimumVisualStudioVersion = 10.0.40219.1
Project("{FAE04EC0-301F-11D3-BF4B-00C04F79EFBC}") = "BootCamp Demo", "BootCamp Demo\BootCamp Demo.csproj", "{A63752E3-CBF4-48CF-94D9-A8FDFF96BF98}"
EndProject
Global
	GlobalSection(SolutionConfigurationPlatforms) = preSolution
		Debug|Any CPU = Debug|Any CPU
		Release|Any CPU = Release|Any CPU
	EndGlobalSection
	GlobalSection(SolutionProperties) = preSolution
		HideSolutionNode = FALSE
	EndGlobalSection
	GlobalSection(ProjectConfigurationPlatforms) = postSolution
		{A63752E3-CBF4-48CF-94D9-A8FDFF96BF98}.Debug|Any CPU.ActiveCfg = Debug|Any CPU
		{A63752E3-CBF4-48CF-94D9-A8FDFF96BF98}.Debug|Any CPU.Build.0 = Debug|Any CPU
		{A63752E3-CBF4-48CF-94D9-A8FDFF96BF98}.Release|Any CPU.ActiveCfg = Release|Any CPU
		{A63752E3-CBF4-48CF-94D9-A8FDFF96BF98}.Release|Any CPU.Build.0 = Release|Any CPU
	EndGlobalSection
EndGlobal
